
Microsoft Visual Studio Solution File, Format Version 12.00
# Visual Studio Version 16
VisualStudioVersion = 16.0.30128.74
MinimumVisualStudioVersion = 10.0.40219.1
Project("{FAE04EC0-301F-11D3-BF4B-00C04F79EFBC}") = "MotionDetection", "MotionDetection\MotionDetection.csproj", "{1CFF9C76-1100-4D12-B38A-71BEA24C1103}"
EndProject
Global
	GlobalSection(SolutionConfigurationPlatforms) = preSolution
		Debug|Any CPU = Debug|Any CPU
		Release|Any CPU = Release|Any CPU
	EndGlobalSection
	GlobalSection(ProjectConfigurationPlatforms) = postSolution
		{1CFF9C76-1100-4D12-B38A-71BEA24C1103}.Debug|Any CPU.ActiveCfg = Debug|Any CPU
		{1CFF9C76-1100-4D12-B38A-71BEA24C1103}.Debug|Any CPU.Build.0 = Debug|Any CPU
		{1CFF9C76-1100-4D12-B38A-71BEA24C1103}.Release|Any CPU.ActiveCfg = Release|Any CPU
		{1CFF9C76-1100-4D12-B38A-71BEA24C1103}.Release|Any CPU.Build.0 = Release|Any CPU
	EndGlobalSection
	GlobalSection(SolutionProperties) = preSolution
		HideSolutionNode = FALSE
	EndGlobalSection
	GlobalSection(ExtensibilityGlobals) = postSolution
		SolutionGuid = {CB74A17C-0DA2-489E-9F1E-966695D9B705}
	EndGlobalSection
EndGlobal
